
Microsoft Visual Studio Solution File, Format Version 12.00
# Visual Studio Version 16
VisualStudioVersion = 16.0.33423.256
MinimumVisualStudioVersion = 10.0.40219.1
Project("{A07B5EB6-E848-4116-A8D0-A826331D98C6}") = "TestServiceFabric", "TestServiceFabric\TestServiceFabric.sfproj", "{00C02355-85B5-4F00-9715-A2F8C75A5179}"
EndProject
Project("{9A19103F-16F7-4668-BE54-9A1E7A4F7556}") = "WebClient", "WebClient\WebClient.csproj", "{359E91F3-4243-4BAF-AC6C-1BF0B3E9EB23}"
EndProject
Project("{FAE04EC0-301F-11D3-BF4B-00C04F79EFBC}") = "Common", "Common\Common.csproj", "{DDAFAA61-0706-435A-AB3C-57434CF486A9}"
EndProject
Project("{FAE04EC0-301F-11D3-BF4B-00C04F79EFBC}") = "DeviceService", "DeviceService\DeviceService.csproj", "{750E1E4A-3018-4698-A7F7-EEACC92CC390}"
EndProject
Project("{FAE04EC0-301F-11D3-BF4B-00C04F79EFBC}") = "RemontService", "RemontService\RemontService.csproj", "{3E724059-6521-4D53-8DD8-6ABB714119D7}"
EndProject
Global
	GlobalSection(SolutionConfigurationPlatforms) = preSolution
		Debug|Any CPU = Debug|Any CPU
		Debug|x64 = Debug|x64
		Release|Any CPU = Release|Any CPU
		Release|x64 = Release|x64
	EndGlobalSection
	GlobalSection(ProjectConfigurationPlatforms) = postSolution
		{00C02355-85B5-4F00-9715-A2F8C75A5179}.Debug|Any CPU.ActiveCfg = Debug|x64
		{00C02355-85B5-4F00-9715-A2F8C75A5179}.Debug|x64.ActiveCfg = Debug|x64
		{00C02355-85B5-4F00-9715-A2F8C75A5179}.Debug|x64.Build.0 = Debug|x64
		{00C02355-85B5-4F00-9715-A2F8C75A5179}.Debug|x64.Deploy.0 = Debug|x64
		{00C02355-85B5-4F00-9715-A2F8C75A5179}.Release|Any CPU.ActiveCfg = Release|x64
		{00C02355-85B5-4F00-9715-A2F8C75A5179}.Release|x64.ActiveCfg = Release|x64
		{00C02355-85B5-4F00-9715-A2F8C75A5179}.Release|x64.Build.0 = Release|x64
		{00C02355-85B5-4F00-9715-A2F8C75A5179}.Release|x64.Deploy.0 = Release|x64
		{359E91F3-4243-4BAF-AC6C-1BF0B3E9EB23}.Debug|Any CPU.ActiveCfg = Debug|Any CPU
		{359E91F3-4243-4BAF-AC6C-1BF0B3E9EB23}.Debug|Any CPU.Build.0 = Debug|Any CPU
		{359E91F3-4243-4BAF-AC6C-1BF0B3E9EB23}.Debug|x64.ActiveCfg = Debug|Any CPU
		{359E91F3-4243-4BAF-AC6C-1BF0B3E9EB23}.Debug|x64.Build.0 = Debug|Any CPU
		{359E91F3-4243-4BAF-AC6C-1BF0B3E9EB23}.Release|Any CPU.ActiveCfg = Release|Any CPU
		{359E91F3-4243-4BAF-AC6C-1BF0B3E9EB23}.Release|Any CPU.Build.0 = Release|Any CPU
		{359E91F3-4243-4BAF-AC6C-1BF0B3E9EB23}.Release|x64.ActiveCfg = Release|Any CPU
		{359E91F3-4243-4BAF-AC6C-1BF0B3E9EB23}.Release|x64.Build.0 = Release|Any CPU
		{DDAFAA61-0706-435A-AB3C-57434CF486A9}.Debug|Any CPU.ActiveCfg = Debug|Any CPU
		{DDAFAA61-0706-435A-AB3C-57434CF486A9}.Debug|Any CPU.Build.0 = Debug|Any CPU
		{DDAFAA61-0706-435A-AB3C-57434CF486A9}.Debug|x64.ActiveCfg = Debug|Any CPU
		{DDAFAA61-0706-435A-AB3C-57434CF486A9}.Debug|x64.Build.0 = Debug|Any CPU
		{DDAFAA61-0706-435A-AB3C-57434CF486A9}.Release|Any CPU.ActiveCfg = Release|Any CPU
		{DDAFAA61-0706-435A-AB3C-57434CF486A9}.Release|Any CPU.Build.0 = Release|Any CPU
		{DDAFAA61-0706-435A-AB3C-57434CF486A9}.Release|x64.ActiveCfg = Release|Any CPU
		{DDAFAA61-0706-435A-AB3C-57434CF486A9}.Release|x64.Build.0 = Release|Any CPU
		{750E1E4A-3018-4698-A7F7-EEACC92CC390}.Debug|Any CPU.ActiveCfg = Debug|x64
		{750E1E4A-3018-4698-A7F7-EEACC92CC390}.Debug|x64.ActiveCfg = Debug|x64
		{750E1E4A-3018-4698-A7F7-EEACC92CC390}.Debug|x64.Build.0 = Debug|x64
		{750E1E4A-3018-4698-A7F7-EEACC92CC390}.Release|Any CPU.ActiveCfg = Release|x64
		{750E1E4A-3018-4698-A7F7-EEACC92CC390}.Release|x64.ActiveCfg = Release|x64
		{750E1E4A-3018-4698-A7F7-EEACC92CC390}.Release|x64.Build.0 = Release|x64
		{3E724059-6521-4D53-8DD8-6ABB714119D7}.Debug|Any CPU.ActiveCfg = Debug|x64
		{3E724059-6521-4D53-8DD8-6ABB714119D7}.Debug|x64.ActiveCfg = Debug|x64
		{3E724059-6521-4D53-8DD8-6ABB714119D7}.Debug|x64.Build.0 = Debug|x64
		{3E724059-6521-4D53-8DD8-6ABB714119D7}.Release|Any CPU.ActiveCfg = Release|x64
		{3E724059-6521-4D53-8DD8-6ABB714119D7}.Release|x64.ActiveCfg = Release|x64
		{3E724059-6521-4D53-8DD8-6ABB714119D7}.Release|x64.Build.0 = Release|x64
	EndGlobalSection
	GlobalSection(SolutionProperties) = preSolution
		HideSolutionNode = FALSE
	EndGlobalSection
	GlobalSection(ExtensibilityGlobals) = postSolution
		SolutionGuid = {19266FC4-34E5-4090-B864-FD3477E902C9}
	EndGlobalSection
EndGlobal
